{
  "schema": "bindle-lock/v0",
  "resolved": {
    "modbase": {
      "version": "1.4.2",
      "signature": "B14200",
      "artifact": "modbase/1.4.2/MODBASE.savf",
      "hash": "sha256:fa1ea3511ebe3613114a31d9a7addd749a4d89070859870c750230e962e3ae19"
    },
    "modfact": {
      "version": "2.3.0",
      "signature": "A1B2C3",
      "artifact": "modfact/2.3.0/MODFACT.savf",
      "hash": "sha256:efed68cd056c665a93ba8ed9045e8ed93fdfca61a14cc5e4253ba6d1e66c60a8",
      "dependencies": [
        "modbase",
        "modimp"
      ]
    },
    "modimp": {
      "version": "1.2.5",
      "signature": "I12500",
      "artifact": "modimp/1.2.5/MODIMP.savf",
      "hash": "sha256:5d09f760fea9969a8dc9d17e5114a2be04e5f30a22c0c7da27a9bbf2364e9e3a",
      "dependencies": [
        "modbase"
      ]
    }
  }
}
